
Microsoft Visual Studio Solution File, Format Version 12.00
# Visual Studio Version 16
VisualStudioVersion = 16.0.29519.87
MinimumVisualStudioVersion = 10.0.40219.1
Project("{FAE04EC0-301F-11D3-BF4B-00C04F79EFBC}") = "Client", "Client\Client.csproj", "{873861EC-B7DF-4644-90D6-D86E116A2CA1}"
EndProject
Project("{FAE04EC0-301F-11D3-BF4B-00C04F79EFBC}") = "2", "2\2.csproj", "{DDA69F0A-6485-4076-BC57-9D6BD8E911C0}"
EndProject
Project("{FAE04EC0-301F-11D3-BF4B-00C04F79EFBC}") = "3", "3\3.csproj", "{9BEE4159-8179-4A0B-9E43-26914A73186D}"
EndProject
Project("{FAE04EC0-301F-11D3-BF4B-00C04F79EFBC}") = "4", "4\4.csproj", "{9A4F40DF-FF1A-4046-B81E-03A6A340EB7F}"
EndProject
Project("{FAE04EC0-301F-11D3-BF4B-00C04F79EFBC}") = "5", "5\5.csproj", "{FE4992A6-5B37-4057-BFA8-9C2E59D88811}"
EndProject
Global
	GlobalSection(SolutionConfigurationPlatforms) = preSolution
		Debug|Any CPU = Debug|Any CPU
		Release|Any CPU = Release|Any CPU
	EndGlobalSection
	GlobalSection(ProjectConfigurationPlatforms) = postSolution
		{873861EC-B7DF-4644-90D6-D86E116A2CA1}.Debug|Any CPU.ActiveCfg = Debug|Any CPU
		{873861EC-B7DF-4644-90D6-D86E116A2CA1}.Debug|Any CPU.Build.0 = Debug|Any CPU
		{873861EC-B7DF-4644-90D6-D86E116A2CA1}.Release|Any CPU.ActiveCfg = Release|Any CPU
		{873861EC-B7DF-4644-90D6-D86E116A2CA1}.Release|Any CPU.Build.0 = Release|Any CPU
		{DDA69F0A-6485-4076-BC57-9D6BD8E911C0}.Debug|Any CPU.ActiveCfg = Debug|Any CPU
		{DDA69F0A-6485-4076-BC57-9D6BD8E911C0}.Debug|Any CPU.Build.0 = Debug|Any CPU
		{DDA69F0A-6485-4076-BC57-9D6BD8E911C0}.Release|Any CPU.ActiveCfg = Release|Any CPU
		{DDA69F0A-6485-4076-BC57-9D6BD8E911C0}.Release|Any CPU.Build.0 = Release|Any CPU
		{9BEE4159-8179-4A0B-9E43-26914A73186D}.Debug|Any CPU.ActiveCfg = Debug|Any CPU
		{9BEE4159-8179-4A0B-9E43-26914A73186D}.Debug|Any CPU.Build.0 = Debug|Any CPU
		{9BEE4159-8179-4A0B-9E43-26914A73186D}.Release|Any CPU.ActiveCfg = Release|Any CPU
		{9BEE4159-8179-4A0B-9E43-26914A73186D}.Release|Any CPU.Build.0 = Release|Any CPU
		{9A4F40DF-FF1A-4046-B81E-03A6A340EB7F}.Debug|Any CPU.ActiveCfg = Debug|Any CPU
		{9A4F40DF-FF1A-4046-B81E-03A6A340EB7F}.Debug|Any CPU.Build.0 = Debug|Any CPU
		{9A4F40DF-FF1A-4046-B81E-03A6A340EB7F}.Release|Any CPU.ActiveCfg = Release|Any CPU
		{9A4F40DF-FF1A-4046-B81E-03A6A340EB7F}.Release|Any CPU.Build.0 = Release|Any CPU
		{FE4992A6-5B37-4057-BFA8-9C2E59D88811}.Debug|Any CPU.ActiveCfg = Debug|Any CPU
		{FE4992A6-5B37-4057-BFA8-9C2E59D88811}.Debug|Any CPU.Build.0 = Debug|Any CPU
		{FE4992A6-5B37-4057-BFA8-9C2E59D88811}.Release|Any CPU.ActiveCfg = Release|Any CPU
		{FE4992A6-5B37-4057-BFA8-9C2E59D88811}.Release|Any CPU.Build.0 = Release|Any CPU
	EndGlobalSection
	GlobalSection(SolutionProperties) = preSolution
		HideSolutionNode = FALSE
	EndGlobalSection
	GlobalSection(ExtensibilityGlobals) = postSolution
		SolutionGuid = {77AA5CF6-9E1B-415C-A56A-B60AE87E5E1D}
	EndGlobalSection
EndGlobal
