
Microsoft Visual Studio Solution File, Format Version 12.00
# Visual Studio Version 16
VisualStudioVersion = 16.0.29519.87
MinimumVisualStudioVersion = 10.0.40219.1
Project("{FAE04EC0-301F-11D3-BF4B-00C04F79EFBC}") = "Server", "Server\Server.csproj", "{7E9D8708-A7BC-4D6B-B159-DE7124DC741D}"
EndProject
Project("{FAE04EC0-301F-11D3-BF4B-00C04F79EFBC}") = "2", "2\2.csproj", "{3695D2D8-30A2-4B57-B105-3D3FBC1EAECF}"
EndProject
Global
	GlobalSection(SolutionConfigurationPlatforms) = preSolution
		Debug|Any CPU = Debug|Any CPU
		Release|Any CPU = Release|Any CPU
	EndGlobalSection
	GlobalSection(ProjectConfigurationPlatforms) = postSolution
		{7E9D8708-A7BC-4D6B-B159-DE7124DC741D}.Debug|Any CPU.ActiveCfg = Debug|Any CPU
		{7E9D8708-A7BC-4D6B-B159-DE7124DC741D}.Debug|Any CPU.Build.0 = Debug|Any CPU
		{7E9D8708-A7BC-4D6B-B159-DE7124DC741D}.Release|Any CPU.ActiveCfg = Release|Any CPU
		{7E9D8708-A7BC-4D6B-B159-DE7124DC741D}.Release|Any CPU.Build.0 = Release|Any CPU
		{3695D2D8-30A2-4B57-B105-3D3FBC1EAECF}.Debug|Any CPU.ActiveCfg = Debug|Any CPU
		{3695D2D8-30A2-4B57-B105-3D3FBC1EAECF}.Debug|Any CPU.Build.0 = Debug|Any CPU
		{3695D2D8-30A2-4B57-B105-3D3FBC1EAECF}.Release|Any CPU.ActiveCfg = Release|Any CPU
		{3695D2D8-30A2-4B57-B105-3D3FBC1EAECF}.Release|Any CPU.Build.0 = Release|Any CPU
	EndGlobalSection
	GlobalSection(SolutionProperties) = preSolution
		HideSolutionNode = FALSE
	EndGlobalSection
	GlobalSection(ExtensibilityGlobals) = postSolution
		SolutionGuid = {302B5844-0EFE-4D7C-B4AB-22511DFA8F87}
	EndGlobalSection
EndGlobal
