
Microsoft Visual Studio Solution File, Format Version 12.00
# Visual Studio Version 16
VisualStudioVersion = 16.0.29519.87
MinimumVisualStudioVersion = 10.0.40219.1
Project("{FAE04EC0-301F-11D3-BF4B-00C04F79EFBC}") = "2", "2\2.csproj", "{E5FED469-27E0-4652-871B-8CE0B0CCE760}"
EndProject
Project("{FAE04EC0-301F-11D3-BF4B-00C04F79EFBC}") = "1", "1\1.csproj", "{AC389401-54BC-48EC-A664-E0CF857661D0}"
EndProject
Project("{FAE04EC0-301F-11D3-BF4B-00C04F79EFBC}") = "3", "3\3.csproj", "{8FCB710C-3DAF-4340-8B8D-BFA6B13682A5}"
EndProject
Project("{FAE04EC0-301F-11D3-BF4B-00C04F79EFBC}") = "4", "4\4.csproj", "{E5C271C3-272C-4F87-A116-7711F426FCA8}"
EndProject
Project("{FAE04EC0-301F-11D3-BF4B-00C04F79EFBC}") = "5", "5\5.csproj", "{46630ED7-AB8F-401A-B1B5-F3AC4A8B56FC}"
EndProject
Project("{FAE04EC0-301F-11D3-BF4B-00C04F79EFBC}") = "6", "6\6.csproj", "{9C137CB1-53FC-4FB2-BB60-050D3170D172}"
EndProject
Project("{FAE04EC0-301F-11D3-BF4B-00C04F79EFBC}") = "7", "7\7.csproj", "{F75B531F-4967-4BB9-8B53-31AA1BAC484E}"
EndProject
Global
	GlobalSection(SolutionConfigurationPlatforms) = preSolution
		Debug|Any CPU = Debug|Any CPU
		Release|Any CPU = Release|Any CPU
	EndGlobalSection
	GlobalSection(ProjectConfigurationPlatforms) = postSolution
		{E5FED469-27E0-4652-871B-8CE0B0CCE760}.Debug|Any CPU.ActiveCfg = Debug|Any CPU
		{E5FED469-27E0-4652-871B-8CE0B0CCE760}.Debug|Any CPU.Build.0 = Debug|Any CPU
		{E5FED469-27E0-4652-871B-8CE0B0CCE760}.Release|Any CPU.ActiveCfg = Release|Any CPU
		{E5FED469-27E0-4652-871B-8CE0B0CCE760}.Release|Any CPU.Build.0 = Release|Any CPU
		{AC389401-54BC-48EC-A664-E0CF857661D0}.Debug|Any CPU.ActiveCfg = Debug|Any CPU
		{AC389401-54BC-48EC-A664-E0CF857661D0}.Debug|Any CPU.Build.0 = Debug|Any CPU
		{AC389401-54BC-48EC-A664-E0CF857661D0}.Release|Any CPU.ActiveCfg = Release|Any CPU
		{AC389401-54BC-48EC-A664-E0CF857661D0}.Release|Any CPU.Build.0 = Release|Any CPU
		{8FCB710C-3DAF-4340-8B8D-BFA6B13682A5}.Debug|Any CPU.ActiveCfg = Debug|Any CPU
		{8FCB710C-3DAF-4340-8B8D-BFA6B13682A5}.Debug|Any CPU.Build.0 = Debug|Any CPU
		{8FCB710C-3DAF-4340-8B8D-BFA6B13682A5}.Release|Any CPU.ActiveCfg = Release|Any CPU
		{8FCB710C-3DAF-4340-8B8D-BFA6B13682A5}.Release|Any CPU.Build.0 = Release|Any CPU
		{E5C271C3-272C-4F87-A116-7711F426FCA8}.Debug|Any CPU.ActiveCfg = Debug|Any CPU
		{E5C271C3-272C-4F87-A116-7711F426FCA8}.Debug|Any CPU.Build.0 = Debug|Any CPU
		{E5C271C3-272C-4F87-A116-7711F426FCA8}.Release|Any CPU.ActiveCfg = Release|Any CPU
		{E5C271C3-272C-4F87-A116-7711F426FCA8}.Release|Any CPU.Build.0 = Release|Any CPU
		{46630ED7-AB8F-401A-B1B5-F3AC4A8B56FC}.Debug|Any CPU.ActiveCfg = Debug|Any CPU
		{46630ED7-AB8F-401A-B1B5-F3AC4A8B56FC}.Debug|Any CPU.Build.0 = Debug|Any CPU
		{46630ED7-AB8F-401A-B1B5-F3AC4A8B56FC}.Release|Any CPU.ActiveCfg = Release|Any CPU
		{46630ED7-AB8F-401A-B1B5-F3AC4A8B56FC}.Release|Any CPU.Build.0 = Release|Any CPU
		{9C137CB1-53FC-4FB2-BB60-050D3170D172}.Debug|Any CPU.ActiveCfg = Debug|Any CPU
		{9C137CB1-53FC-4FB2-BB60-050D3170D172}.Debug|Any CPU.Build.0 = Debug|Any CPU
		{9C137CB1-53FC-4FB2-BB60-050D3170D172}.Release|Any CPU.ActiveCfg = Release|Any CPU
		{9C137CB1-53FC-4FB2-BB60-050D3170D172}.Release|Any CPU.Build.0 = Release|Any CPU
		{F75B531F-4967-4BB9-8B53-31AA1BAC484E}.Debug|Any CPU.ActiveCfg = Debug|Any CPU
		{F75B531F-4967-4BB9-8B53-31AA1BAC484E}.Debug|Any CPU.Build.0 = Debug|Any CPU
		{F75B531F-4967-4BB9-8B53-31AA1BAC484E}.Release|Any CPU.ActiveCfg = Release|Any CPU
		{F75B531F-4967-4BB9-8B53-31AA1BAC484E}.Release|Any CPU.Build.0 = Release|Any CPU
	EndGlobalSection
	GlobalSection(SolutionProperties) = preSolution
		HideSolutionNode = FALSE
	EndGlobalSection
	GlobalSection(ExtensibilityGlobals) = postSolution
		SolutionGuid = {CE2214EA-BDC7-4A49-832A-12B60EC79AD3}
	EndGlobalSection
EndGlobal
