
Microsoft Visual Studio Solution File, Format Version 12.00
# Visual Studio Version 16
VisualStudioVersion = 16.0.29519.87
MinimumVisualStudioVersion = 10.0.40219.1
Project("{FAE04EC0-301F-11D3-BF4B-00C04F79EFBC}") = "2", "2\2.csproj", "{E5FED469-27E0-4652-871B-8CE0B0CCE760}"
EndProject
Project("{FAE04EC0-301F-11D3-BF4B-00C04F79EFBC}") = "1", "1\1.csproj", "{AC389401-54BC-48EC-A664-E0CF857661D0}"
EndProject
Global
	GlobalSection(SolutionConfigurationPlatforms) = preSolution
		Debug|Any CPU = Debug|Any CPU
		Release|Any CPU = Release|Any CPU
	EndGlobalSection
	GlobalSection(ProjectConfigurationPlatforms) = postSolution
		{E5FED469-27E0-4652-871B-8CE0B0CCE760}.Debug|Any CPU.ActiveCfg = Debug|Any CPU
		{E5FED469-27E0-4652-871B-8CE0B0CCE760}.Debug|Any CPU.Build.0 = Debug|Any CPU
		{E5FED469-27E0-4652-871B-8CE0B0CCE760}.Release|Any CPU.ActiveCfg = Release|Any CPU
		{E5FED469-27E0-4652-871B-8CE0B0CCE760}.Release|Any CPU.Build.0 = Release|Any CPU
		{AC389401-54BC-48EC-A664-E0CF857661D0}.Debug|Any CPU.ActiveCfg = Debug|Any CPU
		{AC389401-54BC-48EC-A664-E0CF857661D0}.Debug|Any CPU.Build.0 = Debug|Any CPU
		{AC389401-54BC-48EC-A664-E0CF857661D0}.Release|Any CPU.ActiveCfg = Release|Any CPU
		{AC389401-54BC-48EC-A664-E0CF857661D0}.Release|Any CPU.Build.0 = Release|Any CPU
	EndGlobalSection
	GlobalSection(SolutionProperties) = preSolution
		HideSolutionNode = FALSE
	EndGlobalSection
	GlobalSection(ExtensibilityGlobals) = postSolution
		SolutionGuid = {CE2214EA-BDC7-4A49-832A-12B60EC79AD3}
	EndGlobalSection
EndGlobal
