
Microsoft Visual Studio Solution File, Format Version 12.00
# Visual Studio Version 16
VisualStudioVersion = 16.0.29519.87
MinimumVisualStudioVersion = 10.0.40219.1
Project("{FAE04EC0-301F-11D3-BF4B-00C04F79EFBC}") = "2", "2\2.csproj", "{51EBB6F3-8E99-4440-ACFE-4398FF3ADB41}"
EndProject
Project("{FAE04EC0-301F-11D3-BF4B-00C04F79EFBC}") = "1", "1\1.csproj", "{E22ADCE7-6C27-40BF-ADB6-B54E2FD70937}"
EndProject
Project("{FAE04EC0-301F-11D3-BF4B-00C04F79EFBC}") = "3", "3\3.csproj", "{169ACD42-6116-4BC1-927E-0BD0B9C34249}"
EndProject
Global
	GlobalSection(SolutionConfigurationPlatforms) = preSolution
		Debug|Any CPU = Debug|Any CPU
		Release|Any CPU = Release|Any CPU
	EndGlobalSection
	GlobalSection(ProjectConfigurationPlatforms) = postSolution
		{51EBB6F3-8E99-4440-ACFE-4398FF3ADB41}.Debug|Any CPU.ActiveCfg = Debug|Any CPU
		{51EBB6F3-8E99-4440-ACFE-4398FF3ADB41}.Debug|Any CPU.Build.0 = Debug|Any CPU
		{51EBB6F3-8E99-4440-ACFE-4398FF3ADB41}.Release|Any CPU.ActiveCfg = Release|Any CPU
		{51EBB6F3-8E99-4440-ACFE-4398FF3ADB41}.Release|Any CPU.Build.0 = Release|Any CPU
		{E22ADCE7-6C27-40BF-ADB6-B54E2FD70937}.Debug|Any CPU.ActiveCfg = Debug|Any CPU
		{E22ADCE7-6C27-40BF-ADB6-B54E2FD70937}.Debug|Any CPU.Build.0 = Debug|Any CPU
		{E22ADCE7-6C27-40BF-ADB6-B54E2FD70937}.Release|Any CPU.ActiveCfg = Release|Any CPU
		{E22ADCE7-6C27-40BF-ADB6-B54E2FD70937}.Release|Any CPU.Build.0 = Release|Any CPU
		{169ACD42-6116-4BC1-927E-0BD0B9C34249}.Debug|Any CPU.ActiveCfg = Debug|Any CPU
		{169ACD42-6116-4BC1-927E-0BD0B9C34249}.Debug|Any CPU.Build.0 = Debug|Any CPU
		{169ACD42-6116-4BC1-927E-0BD0B9C34249}.Release|Any CPU.ActiveCfg = Release|Any CPU
		{169ACD42-6116-4BC1-927E-0BD0B9C34249}.Release|Any CPU.Build.0 = Release|Any CPU
	EndGlobalSection
	GlobalSection(SolutionProperties) = preSolution
		HideSolutionNode = FALSE
	EndGlobalSection
	GlobalSection(ExtensibilityGlobals) = postSolution
		SolutionGuid = {6041AA1E-2094-46B9-939A-6BEFB7453102}
	EndGlobalSection
EndGlobal
